// !$*UTF8*$!
{
	archiveVersion = 1;
	classes = {
	};
	objectVersion = 50;
	objects = {

/* Begin PBXBuildFile section */
		AB37EDE423F4AB060000F92E /* libHHGCControllerMacOS.dylib in CopyFiles */ = {isa = PBXBuildFile; fileRef = AB37EC3323F49B2B0000F92E /* libHHGCControllerMacOS.dylib */; };
		AB5FB6842523C5F60003EC6B /* AppKit.framework in Frameworks */ = {isa = PBXBuildFile; fileRef = AB5FB6832523C5F60003EC6B /* AppKit.framework */; };
		AB83714D2732160A00A409FD /* GCDeviceCursor.h in Headers */ = {isa = PBXBuildFile; fileRef = AB8371232732160700A409FD /* GCDeviceCursor.h */; };
		AB83714E2732160A00A409FD /* GCDirectionalGamepad.h in Headers */ = {isa = PBXBuildFile; fileRef = AB8371242732160700A409FD /* GCDirectionalGamepad.h */; };
		AB83714F2732160A00A409FD /* GCXboxGamepad.h in Headers */ = {isa = PBXBuildFile; fileRef = AB8371252732160700A409FD /* GCXboxGamepad.h */; };
		AB8371502732160A00A409FD /* GCDirectionalGamepad.mm in Sources */ = {isa = PBXBuildFile; fileRef = AB8371262732160700A409FD /* GCDirectionalGamepad.mm */; };
		AB8371512732160A00A409FD /* GCControllerInitializer.mm in Sources */ = {isa = PBXBuildFile; fileRef = AB8371272732160800A409FD /* GCControllerInitializer.mm */; };
		AB8371522732160A00A409FD /* GCControllerElement.mm in Sources */ = {isa = PBXBuildFile; fileRef = AB8371282732160800A409FD /* GCControllerElement.mm */; };
		AB8371532732160A00A409FD /* GCExtendedGamepad.mm in Sources */ = {isa = PBXBuildFile; fileRef = AB8371292732160800A409FD /* GCExtendedGamepad.mm */; };
		AB8371542732160A00A409FD /* GCDualSenseGamepad.mm in Sources */ = {isa = PBXBuildFile; fileRef = AB83712A2732160800A409FD /* GCDualSenseGamepad.mm */; };
		AB8371552732160A00A409FD /* GCControllerAxisInput.mm in Sources */ = {isa = PBXBuildFile; fileRef = AB83712B2732160800A409FD /* GCControllerAxisInput.mm */; };
		AB8371562732160A00A409FD /* GCExtendedGamepad.h in Headers */ = {isa = PBXBuildFile; fileRef = AB83712C2732160800A409FD /* GCExtendedGamepad.h */; };
		AB8371572732160A00A409FD /* GCXboxGamepad.mm in Sources */ = {isa = PBXBuildFile; fileRef = AB83712D2732160800A409FD /* GCXboxGamepad.mm */; };
		AB8371582732160A00A409FD /* NSException.h in Headers */ = {isa = PBXBuildFile; fileRef = AB83712E2732160800A409FD /* NSException.h */; };
		AB8371592732160A00A409FD /* GCMicroGamepad.mm in Sources */ = {isa = PBXBuildFile; fileRef = AB83712F2732160800A409FD /* GCMicroGamepad.mm */; };
		AB83715A2732160A00A409FD /* GCControllerDirectionPad.mm in Sources */ = {isa = PBXBuildFile; fileRef = AB8371302732160800A409FD /* GCControllerDirectionPad.mm */; };
		AB83715B2732160A00A409FD /* GCDualShockGamepad.h in Headers */ = {isa = PBXBuildFile; fileRef = AB8371312732160800A409FD /* GCDualShockGamepad.h */; };
		AB83715C2732160A00A409FD /* GCMicroGamepad.h in Headers */ = {isa = PBXBuildFile; fileRef = AB8371322732160800A409FD /* GCMicroGamepad.h */; };
		AB83715D2732160A00A409FD /* GCControllerButtonInput.h in Headers */ = {isa = PBXBuildFile; fileRef = AB8371332732160800A409FD /* GCControllerButtonInput.h */; };
		AB83715E2732160A00A409FD /* GCControllerAxisInput.h in Headers */ = {isa = PBXBuildFile; fileRef = AB8371342732160800A409FD /* GCControllerAxisInput.h */; };
		AB83715F2732160A00A409FD /* GCControllerButtonInput.mm in Sources */ = {isa = PBXBuildFile; fileRef = AB8371352732160800A409FD /* GCControllerButtonInput.mm */; };
		AB8371602732160A00A409FD /* GCControllerTouchpad.h in Headers */ = {isa = PBXBuildFile; fileRef = AB8371362732160800A409FD /* GCControllerTouchpad.h */; };
		AB8371612732160A00A409FD /* GCKeyboardInput.h in Headers */ = {isa = PBXBuildFile; fileRef = AB8371372732160800A409FD /* GCKeyboardInput.h */; };
		AB8371622732160A00A409FD /* GCMouseInput.h in Headers */ = {isa = PBXBuildFile; fileRef = AB8371382732160900A409FD /* GCMouseInput.h */; };
		AB8371632732160A00A409FD /* GCDualSenseGamepad.h in Headers */ = {isa = PBXBuildFile; fileRef = AB8371392732160900A409FD /* GCDualSenseGamepad.h */; };
		AB8371642732160A00A409FD /* GCControllerConverters.h in Headers */ = {isa = PBXBuildFile; fileRef = AB83713A2732160900A409FD /* GCControllerConverters.h */; };
		AB8371652732160A00A409FD /* GCDualShockGamepad.mm in Sources */ = {isa = PBXBuildFile; fileRef = AB83713B2732160900A409FD /* GCDualShockGamepad.mm */; };
		AB8371662732160A00A409FD /* GCMotion.mm in Sources */ = {isa = PBXBuildFile; fileRef = AB83713C2732160900A409FD /* GCMotion.mm */; };
		AB8371672732160A00A409FD /* GCMouseInput.mm in Sources */ = {isa = PBXBuildFile; fileRef = AB83713D2732160900A409FD /* GCMouseInput.mm */; };
		AB8371682732160A00A409FD /* GCPhysicalInputProfile.h in Headers */ = {isa = PBXBuildFile; fileRef = AB83713E2732160900A409FD /* GCPhysicalInputProfile.h */; };
		AB8371692732160A00A409FD /* GCPhysicalInputProfile.mm in Sources */ = {isa = PBXBuildFile; fileRef = AB83713F2732160900A409FD /* GCPhysicalInputProfile.mm */; };
		AB83716A2732160A00A409FD /* GCControllerTouchpad.mm in Sources */ = {isa = PBXBuildFile; fileRef = AB8371402732160900A409FD /* GCControllerTouchpad.mm */; };
		AB83716B2732160A00A409FD /* NSError.mm in Sources */ = {isa = PBXBuildFile; fileRef = AB8371412732160900A409FD /* NSError.mm */; };
		AB83716C2732160A00A409FD /* GCControllerInitializer.h in Headers */ = {isa = PBXBuildFile; fileRef = AB8371422732160900A409FD /* GCControllerInitializer.h */; };
		AB83716D2732160A00A409FD /* GCController.h in Headers */ = {isa = PBXBuildFile; fileRef = AB8371432732160900A409FD /* GCController.h */; };
		AB83716E2732160A00A409FD /* GCControllerElement.h in Headers */ = {isa = PBXBuildFile; fileRef = AB8371442732160900A409FD /* GCControllerElement.h */; };
		AB83716F2732160A00A409FD /* GCControllerDirectionPad.h in Headers */ = {isa = PBXBuildFile; fileRef = AB8371452732160900A409FD /* GCControllerDirectionPad.h */; };
		AB8371702732160A00A409FD /* GCControllerConverters.m in Sources */ = {isa = PBXBuildFile; fileRef = AB8371462732160900A409FD /* GCControllerConverters.m */; };
		AB8371712732160A00A409FD /* GCKeyboardInput.mm in Sources */ = {isa = PBXBuildFile; fileRef = AB8371472732160A00A409FD /* GCKeyboardInput.mm */; };
		AB8371722732160A00A409FD /* NSError.h in Headers */ = {isa = PBXBuildFile; fileRef = AB8371482732160A00A409FD /* NSError.h */; };
		AB8371732732160A00A409FD /* GCDeviceCursor.mm in Sources */ = {isa = PBXBuildFile; fileRef = AB8371492732160A00A409FD /* GCDeviceCursor.mm */; };
		AB8371742732160A00A409FD /* Callbacks.h in Headers */ = {isa = PBXBuildFile; fileRef = AB83714A2732160A00A409FD /* Callbacks.h */; };
		AB8371752732160A00A409FD /* GCMotion.h in Headers */ = {isa = PBXBuildFile; fileRef = AB83714B2732160A00A409FD /* GCMotion.h */; };
		AB8371762732160A00A409FD /* GCController.mm in Sources */ = {isa = PBXBuildFile; fileRef = AB83714C2732160A00A409FD /* GCController.mm */; };
		AB9C34F725A4D7BB009C7ACE /* GameController.framework in Frameworks */ = {isa = PBXBuildFile; fileRef = AB9C34F625A4D7BB009C7ACE /* GameController.framework */; };
/* End PBXBuildFile section */

/* Begin PBXCopyFilesBuildPhase section */
		AB37EDE323F4AAD70000F92E /* CopyFiles */ = {
			isa = PBXCopyFilesBuildPhase;
			buildActionMask = 2147483647;
			dstPath = /Users/jonathan/Development/GCControllerPlugin/GCControllerPlugin/UnityGCControllerPlugin/Packages/GCController/Runtime/bin/macOS;
			dstSubfolderSpec = 0;
			files = (
				AB37EDE423F4AB060000F92E /* libHHGCControllerMacOS.dylib in CopyFiles */,
			);
			runOnlyForDeploymentPostprocessing = 0;
		};
/* End PBXCopyFilesBuildPhase section */

/* Begin PBXFileReference section */
		AB37EC3323F49B2B0000F92E /* libHHGCControllerMacOS.dylib */ = {isa = PBXFileReference; explicitFileType = "compiled.mach-o.dylib"; includeInIndex = 0; path = libHHGCControllerMacOS.dylib; sourceTree = BUILT_PRODUCTS_DIR; };
		AB5FB6832523C5F60003EC6B /* AppKit.framework */ = {isa = PBXFileReference; lastKnownFileType = wrapper.framework; name = AppKit.framework; path = System/Library/Frameworks/AppKit.framework; sourceTree = SDKROOT; };
		AB8371232732160700A409FD /* GCDeviceCursor.h */ = {isa = PBXFileReference; fileEncoding = 4; lastKnownFileType = sourcecode.c.h; path = GCDeviceCursor.h; sourceTree = "<group>"; };
		AB8371242732160700A409FD /* GCDirectionalGamepad.h */ = {isa = PBXFileReference; fileEncoding = 4; lastKnownFileType = sourcecode.c.h; path = GCDirectionalGamepad.h; sourceTree = "<group>"; };
		AB8371252732160700A409FD /* GCXboxGamepad.h */ = {isa = PBXFileReference; fileEncoding = 4; lastKnownFileType = sourcecode.c.h; path = GCXboxGamepad.h; sourceTree = "<group>"; };
		AB8371262732160700A409FD /* GCDirectionalGamepad.mm */ = {isa = PBXFileReference; fileEncoding = 4; lastKnownFileType = sourcecode.cpp.objcpp; path = GCDirectionalGamepad.mm; sourceTree = "<group>"; };
		AB8371272732160800A409FD /* GCControllerInitializer.mm */ = {isa = PBXFileReference; fileEncoding = 4; lastKnownFileType = sourcecode.cpp.objcpp; path = GCControllerInitializer.mm; sourceTree = "<group>"; };
		AB8371282732160800A409FD /* GCControllerElement.mm */ = {isa = PBXFileReference; fileEncoding = 4; lastKnownFileType = sourcecode.cpp.objcpp; path = GCControllerElement.mm; sourceTree = "<group>"; };
		AB8371292732160800A409FD /* GCExtendedGamepad.mm */ = {isa = PBXFileReference; fileEncoding = 4; lastKnownFileType = sourcecode.cpp.objcpp; path = GCExtendedGamepad.mm; sourceTree = "<group>"; };
		AB83712A2732160800A409FD /* GCDualSenseGamepad.mm */ = {isa = PBXFileReference; fileEncoding = 4; lastKnownFileType = sourcecode.cpp.objcpp; path = GCDualSenseGamepad.mm; sourceTree = "<group>"; };
		AB83712B2732160800A409FD /* GCControllerAxisInput.mm */ = {isa = PBXFileReference; fileEncoding = 4; lastKnownFileType = sourcecode.cpp.objcpp; path = GCControllerAxisInput.mm; sourceTree = "<group>"; };
		AB83712C2732160800A409FD /* GCExtendedGamepad.h */ = {isa = PBXFileReference; fileEncoding = 4; lastKnownFileType = sourcecode.c.h; path = GCExtendedGamepad.h; sourceTree = "<group>"; };
		AB83712D2732160800A409FD /* GCXboxGamepad.mm */ = {isa = PBXFileReference; fileEncoding = 4; lastKnownFileType = sourcecode.cpp.objcpp; path = GCXboxGamepad.mm; sourceTree = "<group>"; };
		AB83712E2732160800A409FD /* NSException.h */ = {isa = PBXFileReference; fileEncoding = 4; lastKnownFileType = sourcecode.c.h; path = NSException.h; sourceTree = "<group>"; };
		AB83712F2732160800A409FD /* GCMicroGamepad.mm */ = {isa = PBXFileReference; fileEncoding = 4; lastKnownFileType = sourcecode.cpp.objcpp; path = GCMicroGamepad.mm; sourceTree = "<group>"; };
		AB8371302732160800A409FD /* GCControllerDirectionPad.mm */ = {isa = PBXFileReference; fileEncoding = 4; lastKnownFileType = sourcecode.cpp.objcpp; path = GCControllerDirectionPad.mm; sourceTree = "<group>"; };
		AB8371312732160800A409FD /* GCDualShockGamepad.h */ = {isa = PBXFileReference; fileEncoding = 4; lastKnownFileType = sourcecode.c.h; path = GCDualShockGamepad.h; sourceTree = "<group>"; };
		AB8371322732160800A409FD /* GCMicroGamepad.h */ = {isa = PBXFileReference; fileEncoding = 4; lastKnownFileType = sourcecode.c.h; path = GCMicroGamepad.h; sourceTree = "<group>"; };
		AB8371332732160800A409FD /* GCControllerButtonInput.h */ = {isa = PBXFileReference; fileEncoding = 4; lastKnownFileType = sourcecode.c.h; path = GCControllerButtonInput.h; sourceTree = "<group>"; };
		AB8371342732160800A409FD /* GCControllerAxisInput.h */ = {isa = PBXFileReference; fileEncoding = 4; lastKnownFileType = sourcecode.c.h; path = GCControllerAxisInput.h; sourceTree = "<group>"; };
		AB8371352732160800A409FD /* GCControllerButtonInput.mm */ = {isa = PBXFileReference; fileEncoding = 4; lastKnownFileType = sourcecode.cpp.objcpp; path = GCControllerButtonInput.mm; sourceTree = "<group>"; };
		AB8371362732160800A409FD /* GCControllerTouchpad.h */ = {isa = PBXFileReference; fileEncoding = 4; lastKnownFileType = sourcecode.c.h; path = GCControllerTouchpad.h; sourceTree = "<group>"; };
		AB8371372732160800A409FD /* GCKeyboardInput.h */ = {isa = PBXFileReference; fileEncoding = 4; lastKnownFileType = sourcecode.c.h; path = GCKeyboardInput.h; sourceTree = "<group>"; };
		AB8371382732160900A409FD /* GCMouseInput.h */ = {isa = PBXFileReference; fileEncoding = 4; lastKnownFileType = sourcecode.c.h; path = GCMouseInput.h; sourceTree = "<group>"; };
		AB8371392732160900A409FD /* GCDualSenseGamepad.h */ = {isa = PBXFileReference; fileEncoding = 4; lastKnownFileType = sourcecode.c.h; path = GCDualSenseGamepad.h; sourceTree = "<group>"; };
		AB83713A2732160900A409FD /* GCControllerConverters.h */ = {isa = PBXFileReference; fileEncoding = 4; lastKnownFileType = sourcecode.c.h; path = GCControllerConverters.h; sourceTree = "<group>"; };
		AB83713B2732160900A409FD /* GCDualShockGamepad.mm */ = {isa = PBXFileReference; fileEncoding = 4; lastKnownFileType = sourcecode.cpp.objcpp; path = GCDualShockGamepad.mm; sourceTree = "<group>"; };
		AB83713C2732160900A409FD /* GCMotion.mm */ = {isa = PBXFileReference; fileEncoding = 4; lastKnownFileType = sourcecode.cpp.objcpp; path = GCMotion.mm; sourceTree = "<group>"; };
		AB83713D2732160900A409FD /* GCMouseInput.mm */ = {isa = PBXFileReference; fileEncoding = 4; lastKnownFileType = sourcecode.cpp.objcpp; path = GCMouseInput.mm; sourceTree = "<group>"; };
		AB83713E2732160900A409FD /* GCPhysicalInputProfile.h */ = {isa = PBXFileReference; fileEncoding = 4; lastKnownFileType = sourcecode.c.h; path = GCPhysicalInputProfile.h; sourceTree = "<group>"; };
		AB83713F2732160900A409FD /* GCPhysicalInputProfile.mm */ = {isa = PBXFileReference; fileEncoding = 4; lastKnownFileType = sourcecode.cpp.objcpp; path = GCPhysicalInputProfile.mm; sourceTree = "<group>"; };
		AB8371402732160900A409FD /* GCControllerTouchpad.mm */ = {isa = PBXFileReference; fileEncoding = 4; lastKnownFileType = sourcecode.cpp.objcpp; path = GCControllerTouchpad.mm; sourceTree = "<group>"; };
		AB8371412732160900A409FD /* NSError.mm */ = {isa = PBXFileReference; fileEncoding = 4; lastKnownFileType = sourcecode.cpp.objcpp; path = NSError.mm; sourceTree = "<group>"; };
		AB8371422732160900A409FD /* GCControllerInitializer.h */ = {isa = PBXFileReference; fileEncoding = 4; lastKnownFileType = sourcecode.c.h; path = GCControllerInitializer.h; sourceTree = "<group>"; };
		AB8371432732160900A409FD /* GCController.h */ = {isa = PBXFileReference; fileEncoding = 4; lastKnownFileType = sourcecode.c.h; path = GCController.h; sourceTree = "<group>"; };
		AB8371442732160900A409FD /* GCControllerElement.h */ = {isa = PBXFileReference; fileEncoding = 4; lastKnownFileType = sourcecode.c.h; path = GCControllerElement.h; sourceTree = "<group>"; };
		AB8371452732160900A409FD /* GCControllerDirectionPad.h */ = {isa = PBXFileReference; fileEncoding = 4; lastKnownFileType = sourcecode.c.h; path = GCControllerDirectionPad.h; sourceTree = "<group>"; };
		AB8371462732160900A409FD /* GCControllerConverters.m */ = {isa = PBXFileReference; fileEncoding = 4; lastKnownFileType = sourcecode.c.objc; path = GCControllerConverters.m; sourceTree = "<group>"; };
		AB8371472732160A00A409FD /* GCKeyboardInput.mm */ = {isa = PBXFileReference; fileEncoding = 4; lastKnownFileType = sourcecode.cpp.objcpp; path = GCKeyboardInput.mm; sourceTree = "<group>"; };
		AB8371482732160A00A409FD /* NSError.h */ = {isa = PBXFileReference; fileEncoding = 4; lastKnownFileType = sourcecode.c.h; path = NSError.h; sourceTree = "<group>"; };
		AB8371492732160A00A409FD /* GCDeviceCursor.mm */ = {isa = PBXFileReference; fileEncoding = 4; lastKnownFileType = sourcecode.cpp.objcpp; path = GCDeviceCursor.mm; sourceTree = "<group>"; };
		AB83714A2732160A00A409FD /* Callbacks.h */ = {isa = PBXFileReference; fileEncoding = 4; lastKnownFileType = sourcecode.c.h; path = Callbacks.h; sourceTree = "<group>"; };
		AB83714B2732160A00A409FD /* GCMotion.h */ = {isa = PBXFileReference; fileEncoding = 4; lastKnownFileType = sourcecode.c.h; path = GCMotion.h; sourceTree = "<group>"; };
		AB83714C2732160A00A409FD /* GCController.mm */ = {isa = PBXFileReference; fileEncoding = 4; lastKnownFileType = sourcecode.cpp.objcpp; path = GCController.mm; sourceTree = "<group>"; };
		AB9C34F625A4D7BB009C7ACE /* GameController.framework */ = {isa = PBXFileReference; lastKnownFileType = wrapper.framework; name = GameController.framework; path = System/Library/Frameworks/GameController.framework; sourceTree = SDKROOT; };
/* End PBXFileReference section */

/* Begin PBXFrameworksBuildPhase section */
		AB37EC3123F49B2B0000F92E /* Frameworks */ = {
			isa = PBXFrameworksBuildPhase;
			buildActionMask = 2147483647;
			files = (
				AB9C34F725A4D7BB009C7ACE /* GameController.framework in Frameworks */,
				AB5FB6842523C5F60003EC6B /* AppKit.framework in Frameworks */,
			);
			runOnlyForDeploymentPostprocessing = 0;
		};
/* End PBXFrameworksBuildPhase section */

/* Begin PBXGroup section */
		AB37EC2A23F49B2B0000F92E = {
			isa = PBXGroup;
			children = (
				AB43B63A254C85E2004EE145 /* Common */,
				AB37EC3423F49B2B0000F92E /* Products */,
				AB37EDDC23F4A6700000F92E /* Frameworks */,
			);
			sourceTree = "<group>";
		};
		AB37EC3423F49B2B0000F92E /* Products */ = {
			isa = PBXGroup;
			children = (
				AB37EC3323F49B2B0000F92E /* libHHGCControllerMacOS.dylib */,
			);
			name = Products;
			sourceTree = "<group>";
		};
		AB37EDDC23F4A6700000F92E /* Frameworks */ = {
			isa = PBXGroup;
			children = (
				AB9C34F625A4D7BB009C7ACE /* GameController.framework */,
				AB5FB6832523C5F60003EC6B /* AppKit.framework */,
			);
			name = Frameworks;
			sourceTree = "<group>";
		};
		AB43B63A254C85E2004EE145 /* Common */ = {
			isa = PBXGroup;
			children = (
				AB83714A2732160A00A409FD /* Callbacks.h */,
				AB8371432732160900A409FD /* GCController.h */,
				AB83714C2732160A00A409FD /* GCController.mm */,
				AB8371342732160800A409FD /* GCControllerAxisInput.h */,
				AB83712B2732160800A409FD /* GCControllerAxisInput.mm */,
				AB8371332732160800A409FD /* GCControllerButtonInput.h */,
				AB8371352732160800A409FD /* GCControllerButtonInput.mm */,
				AB83713A2732160900A409FD /* GCControllerConverters.h */,
				AB8371462732160900A409FD /* GCControllerConverters.m */,
				AB8371452732160900A409FD /* GCControllerDirectionPad.h */,
				AB8371302732160800A409FD /* GCControllerDirectionPad.mm */,
				AB8371442732160900A409FD /* GCControllerElement.h */,
				AB8371282732160800A409FD /* GCControllerElement.mm */,
				AB8371422732160900A409FD /* GCControllerInitializer.h */,
				AB8371272732160800A409FD /* GCControllerInitializer.mm */,
				AB8371362732160800A409FD /* GCControllerTouchpad.h */,
				AB8371402732160900A409FD /* GCControllerTouchpad.mm */,
				AB8371232732160700A409FD /* GCDeviceCursor.h */,
				AB8371492732160A00A409FD /* GCDeviceCursor.mm */,
				AB8371242732160700A409FD /* GCDirectionalGamepad.h */,
				AB8371262732160700A409FD /* GCDirectionalGamepad.mm */,
				AB8371392732160900A409FD /* GCDualSenseGamepad.h */,
				AB83712A2732160800A409FD /* GCDualSenseGamepad.mm */,
				AB8371312732160800A409FD /* GCDualShockGamepad.h */,
				AB83713B2732160900A409FD /* GCDualShockGamepad.mm */,
				AB83712C2732160800A409FD /* GCExtendedGamepad.h */,
				AB8371292732160800A409FD /* GCExtendedGamepad.mm */,
				AB8371372732160800A409FD /* GCKeyboardInput.h */,
				AB8371472732160A00A409FD /* GCKeyboardInput.mm */,
				AB8371322732160800A409FD /* GCMicroGamepad.h */,
				AB83712F2732160800A409FD /* GCMicroGamepad.mm */,
				AB83714B2732160A00A409FD /* GCMotion.h */,
				AB83713C2732160900A409FD /* GCMotion.mm */,
				AB8371382732160900A409FD /* GCMouseInput.h */,
				AB83713D2732160900A409FD /* GCMouseInput.mm */,
				AB83713E2732160900A409FD /* GCPhysicalInputProfile.h */,
				AB83713F2732160900A409FD /* GCPhysicalInputProfile.mm */,
				AB8371252732160700A409FD /* GCXboxGamepad.h */,
				AB83712D2732160800A409FD /* GCXboxGamepad.mm */,
				AB8371482732160A00A409FD /* NSError.h */,
				AB8371412732160900A409FD /* NSError.mm */,
				AB83712E2732160800A409FD /* NSException.h */,
			);
			name = Common;
			path = ../Common;
			sourceTree = "<group>";
		};
/* End PBXGroup section */

/* Begin PBXHeadersBuildPhase section */
		AB37EC2F23F49B2B0000F92E /* Headers */ = {
			isa = PBXHeadersBuildPhase;
			buildActionMask = 2147483647;
			files = (
				AB8371632732160A00A409FD /* GCDualSenseGamepad.h in Headers */,
				AB83716F2732160A00A409FD /* GCControllerDirectionPad.h in Headers */,
				AB83716C2732160A00A409FD /* GCControllerInitializer.h in Headers */,
				AB8371682732160A00A409FD /* GCPhysicalInputProfile.h in Headers */,
				AB8371612732160A00A409FD /* GCKeyboardInput.h in Headers */,
				AB83714F2732160A00A409FD /* GCXboxGamepad.h in Headers */,
				AB83715D2732160A00A409FD /* GCControllerButtonInput.h in Headers */,
				AB83716D2732160A00A409FD /* GCController.h in Headers */,
				AB83716E2732160A00A409FD /* GCControllerElement.h in Headers */,
				AB83715B2732160A00A409FD /* GCDualShockGamepad.h in Headers */,
				AB83714D2732160A00A409FD /* GCDeviceCursor.h in Headers */,
				AB83715E2732160A00A409FD /* GCControllerAxisInput.h in Headers */,
				AB8371752732160A00A409FD /* GCMotion.h in Headers */,
				AB8371582732160A00A409FD /* NSException.h in Headers */,
				AB8371622732160A00A409FD /* GCMouseInput.h in Headers */,
				AB83714E2732160A00A409FD /* GCDirectionalGamepad.h in Headers */,
				AB8371562732160A00A409FD /* GCExtendedGamepad.h in Headers */,
				AB8371602732160A00A409FD /* GCControllerTouchpad.h in Headers */,
				AB83715C2732160A00A409FD /* GCMicroGamepad.h in Headers */,
				AB8371742732160A00A409FD /* Callbacks.h in Headers */,
				AB8371722732160A00A409FD /* NSError.h in Headers */,
				AB8371642732160A00A409FD /* GCControllerConverters.h in Headers */,
			);
			runOnlyForDeploymentPostprocessing = 0;
		};
/* End PBXHeadersBuildPhase section */

/* Begin PBXNativeTarget section */
		AB37EC3223F49B2B0000F92E /* HHGCControllerMacOS */ = {
			isa = PBXNativeTarget;
			buildConfigurationList = AB37EC3C23F49B2B0000F92E /* Build configuration list for PBXNativeTarget "HHGCControllerMacOS" */;
			buildPhases = (
				AB37EC2F23F49B2B0000F92E /* Headers */,
				AB37EC3023F49B2B0000F92E /* Sources */,
				AB37EC3123F49B2B0000F92E /* Frameworks */,
				AB37EDE323F4AAD70000F92E /* CopyFiles */,
			);
			buildRules = (
			);
			dependencies = (
			);
			name = HHGCControllerMacOS;
			productName = HHCloudKitMacOS;
			productReference = AB37EC3323F49B2B0000F92E /* libHHGCControllerMacOS.dylib */;
			productType = "com.apple.product-type.library.dynamic";
		};
/* End PBXNativeTarget section */

/* Begin PBXProject section */
		AB37EC2B23F49B2B0000F92E /* Project object */ = {
			isa = PBXProject;
			attributes = {
				LastUpgradeCheck = 1130;
				ORGANIZATIONNAME = HovelHouseApps;
				TargetAttributes = {
					AB37EC3223F49B2B0000F92E = {
						CreatedOnToolsVersion = 11.3.1;
					};
				};
			};
			buildConfigurationList = AB37EC2E23F49B2B0000F92E /* Build configuration list for PBXProject "HHGCControllerMacOS" */;
			compatibilityVersion = "Xcode 9.3";
			developmentRegion = en;
			hasScannedForEncodings = 0;
			knownRegions = (
				en,
				Base,
			);
			mainGroup = AB37EC2A23F49B2B0000F92E;
			productRefGroup = AB37EC3423F49B2B0000F92E /* Products */;
			projectDirPath = "";
			projectRoot = "";
			targets = (
				AB37EC3223F49B2B0000F92E /* HHGCControllerMacOS */,
			);
		};
/* End PBXProject section */

/* Begin PBXSourcesBuildPhase section */
		AB37EC3023F49B2B0000F92E /* Sources */ = {
			isa = PBXSourcesBuildPhase;
			buildActionMask = 2147483647;
			files = (
				AB83716A2732160A00A409FD /* GCControllerTouchpad.mm in Sources */,
				AB8371512732160A00A409FD /* GCControllerInitializer.mm in Sources */,
				AB8371502732160A00A409FD /* GCDirectionalGamepad.mm in Sources */,
				AB8371572732160A00A409FD /* GCXboxGamepad.mm in Sources */,
				AB8371692732160A00A409FD /* GCPhysicalInputProfile.mm in Sources */,
				AB8371532732160A00A409FD /* GCExtendedGamepad.mm in Sources */,
				AB8371702732160A00A409FD /* GCControllerConverters.m in Sources */,
				AB8371592732160A00A409FD /* GCMicroGamepad.mm in Sources */,
				AB8371652732160A00A409FD /* GCDualShockGamepad.mm in Sources */,
				AB8371712732160A00A409FD /* GCKeyboardInput.mm in Sources */,
				AB83715A2732160A00A409FD /* GCControllerDirectionPad.mm in Sources */,
				AB8371732732160A00A409FD /* GCDeviceCursor.mm in Sources */,
				AB8371672732160A00A409FD /* GCMouseInput.mm in Sources */,
				AB83715F2732160A00A409FD /* GCControllerButtonInput.mm in Sources */,
				AB8371522732160A00A409FD /* GCControllerElement.mm in Sources */,
				AB8371542732160A00A409FD /* GCDualSenseGamepad.mm in Sources */,
				AB83716B2732160A00A409FD /* NSError.mm in Sources */,
				AB8371762732160A00A409FD /* GCController.mm in Sources */,
				AB8371552732160A00A409FD /* GCControllerAxisInput.mm in Sources */,
				AB8371662732160A00A409FD /* GCMotion.mm in Sources */,
			);
			runOnlyForDeploymentPostprocessing = 0;
		};
/* End PBXSourcesBuildPhase section */

/* Begin XCBuildConfiguration section */
		AB37EC3A23F49B2B0000F92E /* Debug */ = {
			isa = XCBuildConfiguration;
			buildSettings = {
				ALWAYS_SEARCH_USER_PATHS = NO;
				CLANG_ANALYZER_NONNULL = YES;
				CLANG_ANALYZER_NUMBER_OBJECT_CONVERSION = YES_AGGRESSIVE;
				CLANG_CXX_LANGUAGE_STANDARD = "gnu++14";
				CLANG_CXX_LIBRARY = "libc++";
				CLANG_ENABLE_MODULES = YES;
				CLANG_ENABLE_OBJC_ARC = YES;
				CLANG_ENABLE_OBJC_WEAK = YES;
				CLANG_WARN_BLOCK_CAPTURE_AUTORELEASING = YES;
				CLANG_WARN_BOOL_CONVERSION = YES;
				CLANG_WARN_COMMA = YES;
				CLANG_WARN_CONSTANT_CONVERSION = YES;
				CLANG_WARN_DEPRECATED_OBJC_IMPLEMENTATIONS = YES;
				CLANG_WARN_DIRECT_OBJC_ISA_USAGE = YES_ERROR;
				CLANG_WARN_DOCUMENTATION_COMMENTS = YES;
				CLANG_WARN_EMPTY_BODY = YES;
				CLANG_WARN_ENUM_CONVERSION = YES;
				CLANG_WARN_INFINITE_RECURSION = YES;
				CLANG_WARN_INT_CONVERSION = YES;
				CLANG_WARN_NON_LITERAL_NULL_CONVERSION = YES;
				CLANG_WARN_OBJC_IMPLICIT_RETAIN_SELF = YES;
				CLANG_WARN_OBJC_LITERAL_CONVERSION = YES;
				CLANG_WARN_OBJC_ROOT_CLASS = YES_ERROR;
				CLANG_WARN_RANGE_LOOP_ANALYSIS = YES;
				CLANG_WARN_STRICT_PROTOTYPES = YES;
				CLANG_WARN_SUSPICIOUS_MOVE = YES;
				CLANG_WARN_UNGUARDED_AVAILABILITY = YES_AGGRESSIVE;
				CLANG_WARN_UNREACHABLE_CODE = YES;
				CLANG_WARN__DUPLICATE_METHOD_MATCH = YES;
				COPY_PHASE_STRIP = NO;
				DEBUG_INFORMATION_FORMAT = dwarf;
				ENABLE_STRICT_OBJC_MSGSEND = YES;
				ENABLE_TESTABILITY = YES;
				GCC_C_LANGUAGE_STANDARD = gnu11;
				GCC_DYNAMIC_NO_PIC = NO;
				GCC_NO_COMMON_BLOCKS = YES;
				GCC_OPTIMIZATION_LEVEL = 0;
				GCC_PREPROCESSOR_DEFINITIONS = (
					"DEBUG=1",
					"$(inherited)",
				);
				GCC_WARN_64_TO_32_BIT_CONVERSION = YES;
				GCC_WARN_ABOUT_RETURN_TYPE = YES_ERROR;
				GCC_WARN_UNDECLARED_SELECTOR = YES;
				GCC_WARN_UNINITIALIZED_AUTOS = YES_AGGRESSIVE;
				GCC_WARN_UNUSED_FUNCTION = YES;
				GCC_WARN_UNUSED_VARIABLE = YES;
				MACOSX_DEPLOYMENT_TARGET = 11.0;
				MTL_ENABLE_DEBUG_INFO = INCLUDE_SOURCE;
				MTL_FAST_MATH = YES;
				ONLY_ACTIVE_ARCH = YES;
				SDKROOT = macosx;
			};
			name = Debug;
		};
		AB37EC3B23F49B2B0000F92E /* Release */ = {
			isa = XCBuildConfiguration;
			buildSettings = {
				ALWAYS_SEARCH_USER_PATHS = NO;
				CLANG_ANALYZER_NONNULL = YES;
				CLANG_ANALYZER_NUMBER_OBJECT_CONVERSION = YES_AGGRESSIVE;
				CLANG_CXX_LANGUAGE_STANDARD = "gnu++14";
				CLANG_CXX_LIBRARY = "libc++";
				CLANG_ENABLE_MODULES = YES;
				CLANG_ENABLE_OBJC_ARC = YES;
				CLANG_ENABLE_OBJC_WEAK = YES;
				CLANG_WARN_BLOCK_CAPTURE_AUTORELEASING = YES;
				CLANG_WARN_BOOL_CONVERSION = YES;
				CLANG_WARN_COMMA = YES;
				CLANG_WARN_CONSTANT_CONVERSION = YES;
				CLANG_WARN_DEPRECATED_OBJC_IMPLEMENTATIONS = YES;
				CLANG_WARN_DIRECT_OBJC_ISA_USAGE = YES_ERROR;
				CLANG_WARN_DOCUMENTATION_COMMENTS = YES;
				CLANG_WARN_EMPTY_BODY = YES;
				CLANG_WARN_ENUM_CONVERSION = YES;
				CLANG_WARN_INFINITE_RECURSION = YES;
				CLANG_WARN_INT_CONVERSION = YES;
				CLANG_WARN_NON_LITERAL_NULL_CONVERSION = YES;
				CLANG_WARN_OBJC_IMPLICIT_RETAIN_SELF = YES;
				CLANG_WARN_OBJC_LITERAL_CONVERSION = YES;
				CLANG_WARN_OBJC_ROOT_CLASS = YES_ERROR;
				CLANG_WARN_RANGE_LOOP_ANALYSIS = YES;
				CLANG_WARN_STRICT_PROTOTYPES = YES;
				CLANG_WARN_SUSPICIOUS_MOVE = YES;
				CLANG_WARN_UNGUARDED_AVAILABILITY = YES_AGGRESSIVE;
				CLANG_WARN_UNREACHABLE_CODE = YES;
				CLANG_WARN__DUPLICATE_METHOD_MATCH = YES;
				COPY_PHASE_STRIP = NO;
				DEBUG_INFORMATION_FORMAT = "dwarf-with-dsym";
				ENABLE_NS_ASSERTIONS = NO;
				ENABLE_STRICT_OBJC_MSGSEND = YES;
				GCC_C_LANGUAGE_STANDARD = gnu11;
				GCC_NO_COMMON_BLOCKS = YES;
				GCC_WARN_64_TO_32_BIT_CONVERSION = YES;
				GCC_WARN_ABOUT_RETURN_TYPE = YES_ERROR;
				GCC_WARN_UNDECLARED_SELECTOR = YES;
				GCC_WARN_UNINITIALIZED_AUTOS = YES_AGGRESSIVE;
				GCC_WARN_UNUSED_FUNCTION = YES;
				GCC_WARN_UNUSED_VARIABLE = YES;
				MACOSX_DEPLOYMENT_TARGET = 11.0;
				MTL_ENABLE_DEBUG_INFO = NO;
				MTL_FAST_MATH = YES;
				SDKROOT = macosx;
			};
			name = Release;
		};
		AB37EC3D23F49B2B0000F92E /* Debug */ = {
			isa = XCBuildConfiguration;
			buildSettings = {
				ARCHS = "$(ARCHS_STANDARD)";
				CODE_SIGN_STYLE = Automatic;
				DEVELOPMENT_TEAM = DCQFJ2K8S3;
				DYLIB_COMPATIBILITY_VERSION = 1;
				DYLIB_CURRENT_VERSION = 1;
				EXECUTABLE_PREFIX = lib;
				MACOSX_DEPLOYMENT_TARGET = 10.15;
				ONLY_ACTIVE_ARCH = NO;
				"OTHER_CFLAGS[arch=*]" = "-fembed-bitcode";
				PRODUCT_NAME = "$(TARGET_NAME)";
				SKIP_INSTALL = YES;
			};
			name = Debug;
		};
		AB37EC3E23F49B2B0000F92E /* Release */ = {
			isa = XCBuildConfiguration;
			buildSettings = {
				ARCHS = "$(ARCHS_STANDARD)";
				CODE_SIGN_STYLE = Automatic;
				DEVELOPMENT_TEAM = DCQFJ2K8S3;
				DYLIB_COMPATIBILITY_VERSION = 1;
				DYLIB_CURRENT_VERSION = 1;
				EXECUTABLE_PREFIX = lib;
				MACOSX_DEPLOYMENT_TARGET = 10.15;
				"OTHER_CFLAGS[arch=*]" = "-fembed-bitcode";
				PRODUCT_NAME = "$(TARGET_NAME)";
				SKIP_INSTALL = YES;
			};
			name = Release;
		};
/* End XCBuildConfiguration section */

/* Begin XCConfigurationList section */
		AB37EC2E23F49B2B0000F92E /* Build configuration list for PBXProject "HHGCControllerMacOS" */ = {
			isa = XCConfigurationList;
			buildConfigurations = (
				AB37EC3A23F49B2B0000F92E /* Debug */,
				AB37EC3B23F49B2B0000F92E /* Release */,
			);
			defaultConfigurationIsVisible = 0;
			defaultConfigurationName = Release;
		};
		AB37EC3C23F49B2B0000F92E /* Build configuration list for PBXNativeTarget "HHGCControllerMacOS" */ = {
			isa = XCConfigurationList;
			buildConfigurations = (
				AB37EC3D23F49B2B0000F92E /* Debug */,
				AB37EC3E23F49B2B0000F92E /* Release */,
			);
			defaultConfigurationIsVisible = 0;
			defaultConfigurationName = Release;
		};
/* End XCConfigurationList section */
	};
	rootObject = AB37EC2B23F49B2B0000F92E /* Project object */;
}
