// !$*UTF8*$!
{
	archiveVersion = 1;
	classes = {
	};
	objectVersion = 50;
	objects = {

/* Begin PBXBuildFile section */
		AB81C33F248D42F70003242F /* UIKit.framework in Frameworks */ = {isa = PBXBuildFile; fileRef = AB81C33D248D42AB0003242F /* UIKit.framework */; };
		AB8370F9273215FB00A409FD /* GCControllerTouchpad.h in Headers */ = {isa = PBXBuildFile; fileRef = AB8370CF273215F700A409FD /* GCControllerTouchpad.h */; };
		AB8370FA273215FB00A409FD /* GCController.h in Headers */ = {isa = PBXBuildFile; fileRef = AB8370D0273215F800A409FD /* GCController.h */; };
		AB8370FB273215FB00A409FD /* GCDirectionalGamepad.h in Headers */ = {isa = PBXBuildFile; fileRef = AB8370D1273215F800A409FD /* GCDirectionalGamepad.h */; };
		AB8370FC273215FB00A409FD /* GCDeviceCursor.h in Headers */ = {isa = PBXBuildFile; fileRef = AB8370D2273215F800A409FD /* GCDeviceCursor.h */; };
		AB8370FD273215FB00A409FD /* GCControllerElement.h in Headers */ = {isa = PBXBuildFile; fileRef = AB8370D3273215F800A409FD /* GCControllerElement.h */; };
		AB8370FE273215FB00A409FD /* GCMouseInput.mm in Sources */ = {isa = PBXBuildFile; fileRef = AB8370D4273215F800A409FD /* GCMouseInput.mm */; };
		AB8370FF273215FB00A409FD /* NSError.h in Headers */ = {isa = PBXBuildFile; fileRef = AB8370D5273215F800A409FD /* NSError.h */; };
		AB837100273215FB00A409FD /* GCControllerInitializer.h in Headers */ = {isa = PBXBuildFile; fileRef = AB8370D6273215F800A409FD /* GCControllerInitializer.h */; };
		AB837101273215FB00A409FD /* GCMicroGamepad.h in Headers */ = {isa = PBXBuildFile; fileRef = AB8370D7273215F800A409FD /* GCMicroGamepad.h */; };
		AB837102273215FB00A409FD /* GCDualSenseGamepad.mm in Sources */ = {isa = PBXBuildFile; fileRef = AB8370D8273215F800A409FD /* GCDualSenseGamepad.mm */; };
		AB837103273215FB00A409FD /* GCControllerTouchpad.mm in Sources */ = {isa = PBXBuildFile; fileRef = AB8370D9273215F800A409FD /* GCControllerTouchpad.mm */; };
		AB837104273215FB00A409FD /* GCControllerDirectionPad.mm in Sources */ = {isa = PBXBuildFile; fileRef = AB8370DA273215F800A409FD /* GCControllerDirectionPad.mm */; };
		AB837105273215FB00A409FD /* GCControllerConverters.h in Headers */ = {isa = PBXBuildFile; fileRef = AB8370DB273215F900A409FD /* GCControllerConverters.h */; };
		AB837106273215FB00A409FD /* GCControllerElement.mm in Sources */ = {isa = PBXBuildFile; fileRef = AB8370DC273215F900A409FD /* GCControllerElement.mm */; };
		AB837107273215FB00A409FD /* GCControllerAxisInput.h in Headers */ = {isa = PBXBuildFile; fileRef = AB8370DD273215F900A409FD /* GCControllerAxisInput.h */; };
		AB837108273215FB00A409FD /* GCKeyboardInput.h in Headers */ = {isa = PBXBuildFile; fileRef = AB8370DE273215F900A409FD /* GCKeyboardInput.h */; };
		AB837109273215FB00A409FD /* GCMotion.mm in Sources */ = {isa = PBXBuildFile; fileRef = AB8370DF273215F900A409FD /* GCMotion.mm */; };
		AB83710A273215FB00A409FD /* NSError.mm in Sources */ = {isa = PBXBuildFile; fileRef = AB8370E0273215F900A409FD /* NSError.mm */; };
		AB83710B273215FB00A409FD /* GCControllerButtonInput.h in Headers */ = {isa = PBXBuildFile; fileRef = AB8370E1273215F900A409FD /* GCControllerButtonInput.h */; };
		AB83710C273215FB00A409FD /* GCDeviceCursor.mm in Sources */ = {isa = PBXBuildFile; fileRef = AB8370E2273215F900A409FD /* GCDeviceCursor.mm */; };
		AB83710D273215FB00A409FD /* GCDualShockGamepad.h in Headers */ = {isa = PBXBuildFile; fileRef = AB8370E3273215F900A409FD /* GCDualShockGamepad.h */; };
		AB83710E273215FB00A409FD /* GCControllerButtonInput.mm in Sources */ = {isa = PBXBuildFile; fileRef = AB8370E4273215F900A409FD /* GCControllerButtonInput.mm */; };
		AB83710F273215FB00A409FD /* GCKeyboardInput.mm in Sources */ = {isa = PBXBuildFile; fileRef = AB8370E5273215FA00A409FD /* GCKeyboardInput.mm */; };
		AB837110273215FB00A409FD /* GCControllerInitializer.mm in Sources */ = {isa = PBXBuildFile; fileRef = AB8370E6273215FA00A409FD /* GCControllerInitializer.mm */; };
		AB837111273215FB00A409FD /* NSException.h in Headers */ = {isa = PBXBuildFile; fileRef = AB8370E7273215FA00A409FD /* NSException.h */; };
		AB837112273215FB00A409FD /* GCXboxGamepad.mm in Sources */ = {isa = PBXBuildFile; fileRef = AB8370E8273215FA00A409FD /* GCXboxGamepad.mm */; };
		AB837113273215FB00A409FD /* GCControllerConverters.m in Sources */ = {isa = PBXBuildFile; fileRef = AB8370E9273215FA00A409FD /* GCControllerConverters.m */; };
		AB837114273215FB00A409FD /* Callbacks.h in Headers */ = {isa = PBXBuildFile; fileRef = AB8370EA273215FA00A409FD /* Callbacks.h */; };
		AB837115273215FB00A409FD /* GCDualShockGamepad.mm in Sources */ = {isa = PBXBuildFile; fileRef = AB8370EB273215FA00A409FD /* GCDualShockGamepad.mm */; };
		AB837116273215FB00A409FD /* GCMotion.h in Headers */ = {isa = PBXBuildFile; fileRef = AB8370EC273215FA00A409FD /* GCMotion.h */; };
		AB837117273215FB00A409FD /* GCMicroGamepad.mm in Sources */ = {isa = PBXBuildFile; fileRef = AB8370ED273215FA00A409FD /* GCMicroGamepad.mm */; };
		AB837118273215FB00A409FD /* GCPhysicalInputProfile.mm in Sources */ = {isa = PBXBuildFile; fileRef = AB8370EE273215FA00A409FD /* GCPhysicalInputProfile.mm */; };
		AB837119273215FB00A409FD /* GCXboxGamepad.h in Headers */ = {isa = PBXBuildFile; fileRef = AB8370EF273215FA00A409FD /* GCXboxGamepad.h */; };
		AB83711A273215FB00A409FD /* GCExtendedGamepad.mm in Sources */ = {isa = PBXBuildFile; fileRef = AB8370F0273215FA00A409FD /* GCExtendedGamepad.mm */; };
		AB83711B273215FB00A409FD /* GCPhysicalInputProfile.h in Headers */ = {isa = PBXBuildFile; fileRef = AB8370F1273215FA00A409FD /* GCPhysicalInputProfile.h */; };
		AB83711C273215FB00A409FD /* GCDirectionalGamepad.mm in Sources */ = {isa = PBXBuildFile; fileRef = AB8370F2273215FB00A409FD /* GCDirectionalGamepad.mm */; };
		AB83711D273215FB00A409FD /* GCControllerAxisInput.mm in Sources */ = {isa = PBXBuildFile; fileRef = AB8370F3273215FB00A409FD /* GCControllerAxisInput.mm */; };
		AB83711E273215FB00A409FD /* GCExtendedGamepad.h in Headers */ = {isa = PBXBuildFile; fileRef = AB8370F4273215FB00A409FD /* GCExtendedGamepad.h */; };
		AB83711F273215FB00A409FD /* GCController.mm in Sources */ = {isa = PBXBuildFile; fileRef = AB8370F5273215FB00A409FD /* GCController.mm */; };
		AB837120273215FB00A409FD /* GCMouseInput.h in Headers */ = {isa = PBXBuildFile; fileRef = AB8370F6273215FB00A409FD /* GCMouseInput.h */; };
		AB837121273215FB00A409FD /* GCControllerDirectionPad.h in Headers */ = {isa = PBXBuildFile; fileRef = AB8370F7273215FB00A409FD /* GCControllerDirectionPad.h */; };
		AB837122273215FB00A409FD /* GCDualSenseGamepad.h in Headers */ = {isa = PBXBuildFile; fileRef = AB8370F8273215FB00A409FD /* GCDualSenseGamepad.h */; };
		ABAE4F4625A4DB0700F51AF2 /* libHHGCControllerIOS.a in CopyFiles */ = {isa = PBXBuildFile; fileRef = AB37EC4823F49B440000F92E /* libHHGCControllerIOS.a */; };
		ABAE4F4925A4DB2900F51AF2 /* GameController.framework in Frameworks */ = {isa = PBXBuildFile; fileRef = ABAE4F4825A4DB2900F51AF2 /* GameController.framework */; };
/* End PBXBuildFile section */

/* Begin PBXCopyFilesBuildPhase section */
		AB37EDDF23F4A8950000F92E /* CopyFiles */ = {
			isa = PBXCopyFilesBuildPhase;
			buildActionMask = 2147483647;
			dstPath = /Users/jonathan/Development/GCControllerPlugin/GCControllerPlugin/UnityGCControllerPlugin/Packages/GCController/Runtime/bin/iOS;
			dstSubfolderSpec = 0;
			files = (
				ABAE4F4625A4DB0700F51AF2 /* libHHGCControllerIOS.a in CopyFiles */,
			);
			runOnlyForDeploymentPostprocessing = 0;
		};
/* End PBXCopyFilesBuildPhase section */

/* Begin PBXFileReference section */
		AB37EC4823F49B440000F92E /* libHHGCControllerIOS.a */ = {isa = PBXFileReference; explicitFileType = archive.ar; includeInIndex = 0; path = libHHGCControllerIOS.a; sourceTree = BUILT_PRODUCTS_DIR; };
		AB81C33D248D42AB0003242F /* UIKit.framework */ = {isa = PBXFileReference; lastKnownFileType = wrapper.framework; name = UIKit.framework; path = Platforms/iPhoneOS.platform/Developer/SDKs/iPhoneOS13.5.sdk/System/Library/Frameworks/UIKit.framework; sourceTree = DEVELOPER_DIR; };
		AB8370CF273215F700A409FD /* GCControllerTouchpad.h */ = {isa = PBXFileReference; fileEncoding = 4; lastKnownFileType = sourcecode.c.h; path = GCControllerTouchpad.h; sourceTree = "<group>"; };
		AB8370D0273215F800A409FD /* GCController.h */ = {isa = PBXFileReference; fileEncoding = 4; lastKnownFileType = sourcecode.c.h; path = GCController.h; sourceTree = "<group>"; };
		AB8370D1273215F800A409FD /* GCDirectionalGamepad.h */ = {isa = PBXFileReference; fileEncoding = 4; lastKnownFileType = sourcecode.c.h; path = GCDirectionalGamepad.h; sourceTree = "<group>"; };
		AB8370D2273215F800A409FD /* GCDeviceCursor.h */ = {isa = PBXFileReference; fileEncoding = 4; lastKnownFileType = sourcecode.c.h; path = GCDeviceCursor.h; sourceTree = "<group>"; };
		AB8370D3273215F800A409FD /* GCControllerElement.h */ = {isa = PBXFileReference; fileEncoding = 4; lastKnownFileType = sourcecode.c.h; path = GCControllerElement.h; sourceTree = "<group>"; };
		AB8370D4273215F800A409FD /* GCMouseInput.mm */ = {isa = PBXFileReference; fileEncoding = 4; lastKnownFileType = sourcecode.cpp.objcpp; path = GCMouseInput.mm; sourceTree = "<group>"; };
		AB8370D5273215F800A409FD /* NSError.h */ = {isa = PBXFileReference; fileEncoding = 4; lastKnownFileType = sourcecode.c.h; path = NSError.h; sourceTree = "<group>"; };
		AB8370D6273215F800A409FD /* GCControllerInitializer.h */ = {isa = PBXFileReference; fileEncoding = 4; lastKnownFileType = sourcecode.c.h; path = GCControllerInitializer.h; sourceTree = "<group>"; };
		AB8370D7273215F800A409FD /* GCMicroGamepad.h */ = {isa = PBXFileReference; fileEncoding = 4; lastKnownFileType = sourcecode.c.h; path = GCMicroGamepad.h; sourceTree = "<group>"; };
		AB8370D8273215F800A409FD /* GCDualSenseGamepad.mm */ = {isa = PBXFileReference; fileEncoding = 4; lastKnownFileType = sourcecode.cpp.objcpp; path = GCDualSenseGamepad.mm; sourceTree = "<group>"; };
		AB8370D9273215F800A409FD /* GCControllerTouchpad.mm */ = {isa = PBXFileReference; fileEncoding = 4; lastKnownFileType = sourcecode.cpp.objcpp; path = GCControllerTouchpad.mm; sourceTree = "<group>"; };
		AB8370DA273215F800A409FD /* GCControllerDirectionPad.mm */ = {isa = PBXFileReference; fileEncoding = 4; lastKnownFileType = sourcecode.cpp.objcpp; path = GCControllerDirectionPad.mm; sourceTree = "<group>"; };
		AB8370DB273215F900A409FD /* GCControllerConverters.h */ = {isa = PBXFileReference; fileEncoding = 4; lastKnownFileType = sourcecode.c.h; path = GCControllerConverters.h; sourceTree = "<group>"; };
		AB8370DC273215F900A409FD /* GCControllerElement.mm */ = {isa = PBXFileReference; fileEncoding = 4; lastKnownFileType = sourcecode.cpp.objcpp; path = GCControllerElement.mm; sourceTree = "<group>"; };
		AB8370DD273215F900A409FD /* GCControllerAxisInput.h */ = {isa = PBXFileReference; fileEncoding = 4; lastKnownFileType = sourcecode.c.h; path = GCControllerAxisInput.h; sourceTree = "<group>"; };
		AB8370DE273215F900A409FD /* GCKeyboardInput.h */ = {isa = PBXFileReference; fileEncoding = 4; lastKnownFileType = sourcecode.c.h; path = GCKeyboardInput.h; sourceTree = "<group>"; };
		AB8370DF273215F900A409FD /* GCMotion.mm */ = {isa = PBXFileReference; fileEncoding = 4; lastKnownFileType = sourcecode.cpp.objcpp; path = GCMotion.mm; sourceTree = "<group>"; };
		AB8370E0273215F900A409FD /* NSError.mm */ = {isa = PBXFileReference; fileEncoding = 4; lastKnownFileType = sourcecode.cpp.objcpp; path = NSError.mm; sourceTree = "<group>"; };
		AB8370E1273215F900A409FD /* GCControllerButtonInput.h */ = {isa = PBXFileReference; fileEncoding = 4; lastKnownFileType = sourcecode.c.h; path = GCControllerButtonInput.h; sourceTree = "<group>"; };
		AB8370E2273215F900A409FD /* GCDeviceCursor.mm */ = {isa = PBXFileReference; fileEncoding = 4; lastKnownFileType = sourcecode.cpp.objcpp; path = GCDeviceCursor.mm; sourceTree = "<group>"; };
		AB8370E3273215F900A409FD /* GCDualShockGamepad.h */ = {isa = PBXFileReference; fileEncoding = 4; lastKnownFileType = sourcecode.c.h; path = GCDualShockGamepad.h; sourceTree = "<group>"; };
		AB8370E4273215F900A409FD /* GCControllerButtonInput.mm */ = {isa = PBXFileReference; fileEncoding = 4; lastKnownFileType = sourcecode.cpp.objcpp; path = GCControllerButtonInput.mm; sourceTree = "<group>"; };
		AB8370E5273215FA00A409FD /* GCKeyboardInput.mm */ = {isa = PBXFileReference; fileEncoding = 4; lastKnownFileType = sourcecode.cpp.objcpp; path = GCKeyboardInput.mm; sourceTree = "<group>"; };
		AB8370E6273215FA00A409FD /* GCControllerInitializer.mm */ = {isa = PBXFileReference; fileEncoding = 4; lastKnownFileType = sourcecode.cpp.objcpp; path = GCControllerInitializer.mm; sourceTree = "<group>"; };
		AB8370E7273215FA00A409FD /* NSException.h */ = {isa = PBXFileReference; fileEncoding = 4; lastKnownFileType = sourcecode.c.h; path = NSException.h; sourceTree = "<group>"; };
		AB8370E8273215FA00A409FD /* GCXboxGamepad.mm */ = {isa = PBXFileReference; fileEncoding = 4; lastKnownFileType = sourcecode.cpp.objcpp; path = GCXboxGamepad.mm; sourceTree = "<group>"; };
		AB8370E9273215FA00A409FD /* GCControllerConverters.m */ = {isa = PBXFileReference; fileEncoding = 4; lastKnownFileType = sourcecode.c.objc; path = GCControllerConverters.m; sourceTree = "<group>"; };
		AB8370EA273215FA00A409FD /* Callbacks.h */ = {isa = PBXFileReference; fileEncoding = 4; lastKnownFileType = sourcecode.c.h; path = Callbacks.h; sourceTree = "<group>"; };
		AB8370EB273215FA00A409FD /* GCDualShockGamepad.mm */ = {isa = PBXFileReference; fileEncoding = 4; lastKnownFileType = sourcecode.cpp.objcpp; path = GCDualShockGamepad.mm; sourceTree = "<group>"; };
		AB8370EC273215FA00A409FD /* GCMotion.h */ = {isa = PBXFileReference; fileEncoding = 4; lastKnownFileType = sourcecode.c.h; path = GCMotion.h; sourceTree = "<group>"; };
		AB8370ED273215FA00A409FD /* GCMicroGamepad.mm */ = {isa = PBXFileReference; fileEncoding = 4; lastKnownFileType = sourcecode.cpp.objcpp; path = GCMicroGamepad.mm; sourceTree = "<group>"; };
		AB8370EE273215FA00A409FD /* GCPhysicalInputProfile.mm */ = {isa = PBXFileReference; fileEncoding = 4; lastKnownFileType = sourcecode.cpp.objcpp; path = GCPhysicalInputProfile.mm; sourceTree = "<group>"; };
		AB8370EF273215FA00A409FD /* GCXboxGamepad.h */ = {isa = PBXFileReference; fileEncoding = 4; lastKnownFileType = sourcecode.c.h; path = GCXboxGamepad.h; sourceTree = "<group>"; };
		AB8370F0273215FA00A409FD /* GCExtendedGamepad.mm */ = {isa = PBXFileReference; fileEncoding = 4; lastKnownFileType = sourcecode.cpp.objcpp; path = GCExtendedGamepad.mm; sourceTree = "<group>"; };
		AB8370F1273215FA00A409FD /* GCPhysicalInputProfile.h */ = {isa = PBXFileReference; fileEncoding = 4; lastKnownFileType = sourcecode.c.h; path = GCPhysicalInputProfile.h; sourceTree = "<group>"; };
		AB8370F2273215FB00A409FD /* GCDirectionalGamepad.mm */ = {isa = PBXFileReference; fileEncoding = 4; lastKnownFileType = sourcecode.cpp.objcpp; path = GCDirectionalGamepad.mm; sourceTree = "<group>"; };
		AB8370F3273215FB00A409FD /* GCControllerAxisInput.mm */ = {isa = PBXFileReference; fileEncoding = 4; lastKnownFileType = sourcecode.cpp.objcpp; path = GCControllerAxisInput.mm; sourceTree = "<group>"; };
		AB8370F4273215FB00A409FD /* GCExtendedGamepad.h */ = {isa = PBXFileReference; fileEncoding = 4; lastKnownFileType = sourcecode.c.h; path = GCExtendedGamepad.h; sourceTree = "<group>"; };
		AB8370F5273215FB00A409FD /* GCController.mm */ = {isa = PBXFileReference; fileEncoding = 4; lastKnownFileType = sourcecode.cpp.objcpp; path = GCController.mm; sourceTree = "<group>"; };
		AB8370F6273215FB00A409FD /* GCMouseInput.h */ = {isa = PBXFileReference; fileEncoding = 4; lastKnownFileType = sourcecode.c.h; path = GCMouseInput.h; sourceTree = "<group>"; };
		AB8370F7273215FB00A409FD /* GCControllerDirectionPad.h */ = {isa = PBXFileReference; fileEncoding = 4; lastKnownFileType = sourcecode.c.h; path = GCControllerDirectionPad.h; sourceTree = "<group>"; };
		AB8370F8273215FB00A409FD /* GCDualSenseGamepad.h */ = {isa = PBXFileReference; fileEncoding = 4; lastKnownFileType = sourcecode.c.h; path = GCDualSenseGamepad.h; sourceTree = "<group>"; };
		ABA351402519059500BC964C /* GameKit.framework */ = {isa = PBXFileReference; lastKnownFileType = wrapper.framework; name = GameKit.framework; path = System/Library/Frameworks/GameKit.framework; sourceTree = SDKROOT; };
		ABAE4F4825A4DB2900F51AF2 /* GameController.framework */ = {isa = PBXFileReference; lastKnownFileType = wrapper.framework; name = GameController.framework; path = Platforms/MacOSX.platform/Developer/SDKs/MacOSX11.0.sdk/System/iOSSupport/System/Library/Frameworks/GameController.framework; sourceTree = DEVELOPER_DIR; };
/* End PBXFileReference section */

/* Begin PBXFrameworksBuildPhase section */
		AB37EC4623F49B440000F92E /* Frameworks */ = {
			isa = PBXFrameworksBuildPhase;
			buildActionMask = 2147483647;
			files = (
				ABAE4F4925A4DB2900F51AF2 /* GameController.framework in Frameworks */,
				AB81C33F248D42F70003242F /* UIKit.framework in Frameworks */,
			);
			runOnlyForDeploymentPostprocessing = 0;
		};
/* End PBXFrameworksBuildPhase section */

/* Begin PBXGroup section */
		AB37EC3F23F49B440000F92E = {
			isa = PBXGroup;
			children = (
				ABDEA8A22571C593008EB04E /* Common */,
				AB37EC4923F49B440000F92E /* Products */,
				AB81C33C248D42AA0003242F /* Frameworks */,
			);
			sourceTree = "<group>";
		};
		AB37EC4923F49B440000F92E /* Products */ = {
			isa = PBXGroup;
			children = (
				AB37EC4823F49B440000F92E /* libHHGCControllerIOS.a */,
			);
			name = Products;
			sourceTree = "<group>";
		};
		AB81C33C248D42AA0003242F /* Frameworks */ = {
			isa = PBXGroup;
			children = (
				ABAE4F4825A4DB2900F51AF2 /* GameController.framework */,
				ABA351402519059500BC964C /* GameKit.framework */,
				AB81C33D248D42AB0003242F /* UIKit.framework */,
			);
			name = Frameworks;
			sourceTree = "<group>";
		};
		ABDEA8A22571C593008EB04E /* Common */ = {
			isa = PBXGroup;
			children = (
				AB8370EA273215FA00A409FD /* Callbacks.h */,
				AB8370D0273215F800A409FD /* GCController.h */,
				AB8370F5273215FB00A409FD /* GCController.mm */,
				AB8370DD273215F900A409FD /* GCControllerAxisInput.h */,
				AB8370F3273215FB00A409FD /* GCControllerAxisInput.mm */,
				AB8370E1273215F900A409FD /* GCControllerButtonInput.h */,
				AB8370E4273215F900A409FD /* GCControllerButtonInput.mm */,
				AB8370DB273215F900A409FD /* GCControllerConverters.h */,
				AB8370E9273215FA00A409FD /* GCControllerConverters.m */,
				AB8370F7273215FB00A409FD /* GCControllerDirectionPad.h */,
				AB8370DA273215F800A409FD /* GCControllerDirectionPad.mm */,
				AB8370D3273215F800A409FD /* GCControllerElement.h */,
				AB8370DC273215F900A409FD /* GCControllerElement.mm */,
				AB8370D6273215F800A409FD /* GCControllerInitializer.h */,
				AB8370E6273215FA00A409FD /* GCControllerInitializer.mm */,
				AB8370CF273215F700A409FD /* GCControllerTouchpad.h */,
				AB8370D9273215F800A409FD /* GCControllerTouchpad.mm */,
				AB8370D2273215F800A409FD /* GCDeviceCursor.h */,
				AB8370E2273215F900A409FD /* GCDeviceCursor.mm */,
				AB8370D1273215F800A409FD /* GCDirectionalGamepad.h */,
				AB8370F2273215FB00A409FD /* GCDirectionalGamepad.mm */,
				AB8370F8273215FB00A409FD /* GCDualSenseGamepad.h */,
				AB8370D8273215F800A409FD /* GCDualSenseGamepad.mm */,
				AB8370E3273215F900A409FD /* GCDualShockGamepad.h */,
				AB8370EB273215FA00A409FD /* GCDualShockGamepad.mm */,
				AB8370F4273215FB00A409FD /* GCExtendedGamepad.h */,
				AB8370F0273215FA00A409FD /* GCExtendedGamepad.mm */,
				AB8370DE273215F900A409FD /* GCKeyboardInput.h */,
				AB8370E5273215FA00A409FD /* GCKeyboardInput.mm */,
				AB8370D7273215F800A409FD /* GCMicroGamepad.h */,
				AB8370ED273215FA00A409FD /* GCMicroGamepad.mm */,
				AB8370EC273215FA00A409FD /* GCMotion.h */,
				AB8370DF273215F900A409FD /* GCMotion.mm */,
				AB8370F6273215FB00A409FD /* GCMouseInput.h */,
				AB8370D4273215F800A409FD /* GCMouseInput.mm */,
				AB8370F1273215FA00A409FD /* GCPhysicalInputProfile.h */,
				AB8370EE273215FA00A409FD /* GCPhysicalInputProfile.mm */,
				AB8370EF273215FA00A409FD /* GCXboxGamepad.h */,
				AB8370E8273215FA00A409FD /* GCXboxGamepad.mm */,
				AB8370D5273215F800A409FD /* NSError.h */,
				AB8370E0273215F900A409FD /* NSError.mm */,
				AB8370E7273215FA00A409FD /* NSException.h */,
			);
			name = Common;
			path = ../Common;
			sourceTree = "<group>";
		};
/* End PBXGroup section */

/* Begin PBXHeadersBuildPhase section */
		AB37EC4423F49B440000F92E /* Headers */ = {
			isa = PBXHeadersBuildPhase;
			buildActionMask = 2147483647;
			files = (
				AB837116273215FB00A409FD /* GCMotion.h in Headers */,
				AB837108273215FB00A409FD /* GCKeyboardInput.h in Headers */,
				AB83710B273215FB00A409FD /* GCControllerButtonInput.h in Headers */,
				AB837120273215FB00A409FD /* GCMouseInput.h in Headers */,
				AB83711E273215FB00A409FD /* GCExtendedGamepad.h in Headers */,
				AB8370FA273215FB00A409FD /* GCController.h in Headers */,
				AB837101273215FB00A409FD /* GCMicroGamepad.h in Headers */,
				AB8370FB273215FB00A409FD /* GCDirectionalGamepad.h in Headers */,
				AB8370FF273215FB00A409FD /* NSError.h in Headers */,
				AB837107273215FB00A409FD /* GCControllerAxisInput.h in Headers */,
				AB837119273215FB00A409FD /* GCXboxGamepad.h in Headers */,
				AB837105273215FB00A409FD /* GCControllerConverters.h in Headers */,
				AB83711B273215FB00A409FD /* GCPhysicalInputProfile.h in Headers */,
				AB837121273215FB00A409FD /* GCControllerDirectionPad.h in Headers */,
				AB8370FD273215FB00A409FD /* GCControllerElement.h in Headers */,
				AB8370FC273215FB00A409FD /* GCDeviceCursor.h in Headers */,
				AB83710D273215FB00A409FD /* GCDualShockGamepad.h in Headers */,
				AB837111273215FB00A409FD /* NSException.h in Headers */,
				AB837114273215FB00A409FD /* Callbacks.h in Headers */,
				AB837100273215FB00A409FD /* GCControllerInitializer.h in Headers */,
				AB8370F9273215FB00A409FD /* GCControllerTouchpad.h in Headers */,
				AB837122273215FB00A409FD /* GCDualSenseGamepad.h in Headers */,
			);
			runOnlyForDeploymentPostprocessing = 0;
		};
/* End PBXHeadersBuildPhase section */

/* Begin PBXNativeTarget section */
		AB37EC4723F49B440000F92E /* HHGCControllerIOS */ = {
			isa = PBXNativeTarget;
			buildConfigurationList = AB37EC5123F49B440000F92E /* Build configuration list for PBXNativeTarget "HHGCControllerIOS" */;
			buildPhases = (
				AB37EC4423F49B440000F92E /* Headers */,
				AB37EC4523F49B440000F92E /* Sources */,
				AB37EC4623F49B440000F92E /* Frameworks */,
				AB37EDDF23F4A8950000F92E /* CopyFiles */,
			);
			buildRules = (
			);
			dependencies = (
			);
			name = HHGCControllerIOS;
			productName = HHCloudKitIOS;
			productReference = AB37EC4823F49B440000F92E /* libHHGCControllerIOS.a */;
			productType = "com.apple.product-type.library.static";
		};
/* End PBXNativeTarget section */

/* Begin PBXProject section */
		AB37EC4023F49B440000F92E /* Project object */ = {
			isa = PBXProject;
			attributes = {
				LastUpgradeCheck = 1130;
				ORGANIZATIONNAME = HovelHouseApps;
				TargetAttributes = {
					AB37EC4723F49B440000F92E = {
						CreatedOnToolsVersion = 11.3.1;
					};
				};
			};
			buildConfigurationList = AB37EC4323F49B440000F92E /* Build configuration list for PBXProject "HHGCControllerIOS" */;
			compatibilityVersion = "Xcode 9.3";
			developmentRegion = en;
			hasScannedForEncodings = 0;
			knownRegions = (
				en,
				Base,
			);
			mainGroup = AB37EC3F23F49B440000F92E;
			productRefGroup = AB37EC4923F49B440000F92E /* Products */;
			projectDirPath = "";
			projectRoot = "";
			targets = (
				AB37EC4723F49B440000F92E /* HHGCControllerIOS */,
			);
		};
/* End PBXProject section */

/* Begin PBXSourcesBuildPhase section */
		AB37EC4523F49B440000F92E /* Sources */ = {
			isa = PBXSourcesBuildPhase;
			buildActionMask = 2147483647;
			files = (
				AB837106273215FB00A409FD /* GCControllerElement.mm in Sources */,
				AB83710F273215FB00A409FD /* GCKeyboardInput.mm in Sources */,
				AB83710C273215FB00A409FD /* GCDeviceCursor.mm in Sources */,
				AB83710A273215FB00A409FD /* NSError.mm in Sources */,
				AB837110273215FB00A409FD /* GCControllerInitializer.mm in Sources */,
				AB837117273215FB00A409FD /* GCMicroGamepad.mm in Sources */,
				AB83711A273215FB00A409FD /* GCExtendedGamepad.mm in Sources */,
				AB837103273215FB00A409FD /* GCControllerTouchpad.mm in Sources */,
				AB837112273215FB00A409FD /* GCXboxGamepad.mm in Sources */,
				AB837102273215FB00A409FD /* GCDualSenseGamepad.mm in Sources */,
				AB837118273215FB00A409FD /* GCPhysicalInputProfile.mm in Sources */,
				AB837115273215FB00A409FD /* GCDualShockGamepad.mm in Sources */,
				AB8370FE273215FB00A409FD /* GCMouseInput.mm in Sources */,
				AB83710E273215FB00A409FD /* GCControllerButtonInput.mm in Sources */,
				AB83711C273215FB00A409FD /* GCDirectionalGamepad.mm in Sources */,
				AB837104273215FB00A409FD /* GCControllerDirectionPad.mm in Sources */,
				AB83711D273215FB00A409FD /* GCControllerAxisInput.mm in Sources */,
				AB83711F273215FB00A409FD /* GCController.mm in Sources */,
				AB837109273215FB00A409FD /* GCMotion.mm in Sources */,
				AB837113273215FB00A409FD /* GCControllerConverters.m in Sources */,
			);
			runOnlyForDeploymentPostprocessing = 0;
		};
/* End PBXSourcesBuildPhase section */

/* Begin XCBuildConfiguration section */
		AB37EC4F23F49B440000F92E /* Debug */ = {
			isa = XCBuildConfiguration;
			buildSettings = {
				ALWAYS_SEARCH_USER_PATHS = NO;
				CLANG_ANALYZER_NONNULL = YES;
				CLANG_ANALYZER_NUMBER_OBJECT_CONVERSION = YES_AGGRESSIVE;
				CLANG_CXX_LANGUAGE_STANDARD = "gnu++14";
				CLANG_CXX_LIBRARY = "libc++";
				CLANG_ENABLE_MODULES = YES;
				CLANG_ENABLE_OBJC_ARC = YES;
				CLANG_ENABLE_OBJC_WEAK = YES;
				CLANG_WARN_BLOCK_CAPTURE_AUTORELEASING = YES;
				CLANG_WARN_BOOL_CONVERSION = YES;
				CLANG_WARN_COMMA = YES;
				CLANG_WARN_CONSTANT_CONVERSION = YES;
				CLANG_WARN_DEPRECATED_OBJC_IMPLEMENTATIONS = YES;
				CLANG_WARN_DIRECT_OBJC_ISA_USAGE = YES_ERROR;
				CLANG_WARN_DOCUMENTATION_COMMENTS = YES;
				CLANG_WARN_EMPTY_BODY = YES;
				CLANG_WARN_ENUM_CONVERSION = YES;
				CLANG_WARN_INFINITE_RECURSION = YES;
				CLANG_WARN_INT_CONVERSION = YES;
				CLANG_WARN_NON_LITERAL_NULL_CONVERSION = YES;
				CLANG_WARN_OBJC_IMPLICIT_RETAIN_SELF = YES;
				CLANG_WARN_OBJC_LITERAL_CONVERSION = YES;
				CLANG_WARN_OBJC_ROOT_CLASS = YES_ERROR;
				CLANG_WARN_RANGE_LOOP_ANALYSIS = YES;
				CLANG_WARN_STRICT_PROTOTYPES = YES;
				CLANG_WARN_SUSPICIOUS_MOVE = YES;
				CLANG_WARN_UNGUARDED_AVAILABILITY = YES_AGGRESSIVE;
				CLANG_WARN_UNREACHABLE_CODE = YES;
				CLANG_WARN__DUPLICATE_METHOD_MATCH = YES;
				COPY_PHASE_STRIP = NO;
				DEBUG_INFORMATION_FORMAT = dwarf;
				ENABLE_STRICT_OBJC_MSGSEND = YES;
				ENABLE_TESTABILITY = YES;
				GCC_C_LANGUAGE_STANDARD = gnu11;
				GCC_DYNAMIC_NO_PIC = NO;
				GCC_NO_COMMON_BLOCKS = YES;
				GCC_OPTIMIZATION_LEVEL = 0;
				GCC_PREPROCESSOR_DEFINITIONS = (
					"DEBUG=1",
					"$(inherited)",
				);
				GCC_WARN_64_TO_32_BIT_CONVERSION = YES;
				GCC_WARN_ABOUT_RETURN_TYPE = YES_ERROR;
				GCC_WARN_UNDECLARED_SELECTOR = YES;
				GCC_WARN_UNINITIALIZED_AUTOS = YES_AGGRESSIVE;
				GCC_WARN_UNUSED_FUNCTION = YES;
				GCC_WARN_UNUSED_VARIABLE = YES;
				MACOSX_DEPLOYMENT_TARGET = 10.15;
				MTL_ENABLE_DEBUG_INFO = INCLUDE_SOURCE;
				MTL_FAST_MATH = YES;
				ONLY_ACTIVE_ARCH = YES;
				SDKROOT = iphoneos;
			};
			name = Debug;
		};
		AB37EC5023F49B440000F92E /* Release */ = {
			isa = XCBuildConfiguration;
			buildSettings = {
				ALWAYS_SEARCH_USER_PATHS = NO;
				CLANG_ANALYZER_NONNULL = YES;
				CLANG_ANALYZER_NUMBER_OBJECT_CONVERSION = YES_AGGRESSIVE;
				CLANG_CXX_LANGUAGE_STANDARD = "gnu++14";
				CLANG_CXX_LIBRARY = "libc++";
				CLANG_ENABLE_MODULES = YES;
				CLANG_ENABLE_OBJC_ARC = YES;
				CLANG_ENABLE_OBJC_WEAK = YES;
				CLANG_WARN_BLOCK_CAPTURE_AUTORELEASING = YES;
				CLANG_WARN_BOOL_CONVERSION = YES;
				CLANG_WARN_COMMA = YES;
				CLANG_WARN_CONSTANT_CONVERSION = YES;
				CLANG_WARN_DEPRECATED_OBJC_IMPLEMENTATIONS = YES;
				CLANG_WARN_DIRECT_OBJC_ISA_USAGE = YES_ERROR;
				CLANG_WARN_DOCUMENTATION_COMMENTS = YES;
				CLANG_WARN_EMPTY_BODY = YES;
				CLANG_WARN_ENUM_CONVERSION = YES;
				CLANG_WARN_INFINITE_RECURSION = YES;
				CLANG_WARN_INT_CONVERSION = YES;
				CLANG_WARN_NON_LITERAL_NULL_CONVERSION = YES;
				CLANG_WARN_OBJC_IMPLICIT_RETAIN_SELF = YES;
				CLANG_WARN_OBJC_LITERAL_CONVERSION = YES;
				CLANG_WARN_OBJC_ROOT_CLASS = YES_ERROR;
				CLANG_WARN_RANGE_LOOP_ANALYSIS = YES;
				CLANG_WARN_STRICT_PROTOTYPES = YES;
				CLANG_WARN_SUSPICIOUS_MOVE = YES;
				CLANG_WARN_UNGUARDED_AVAILABILITY = YES_AGGRESSIVE;
				CLANG_WARN_UNREACHABLE_CODE = YES;
				CLANG_WARN__DUPLICATE_METHOD_MATCH = YES;
				COPY_PHASE_STRIP = NO;
				DEBUG_INFORMATION_FORMAT = "dwarf-with-dsym";
				ENABLE_NS_ASSERTIONS = NO;
				ENABLE_STRICT_OBJC_MSGSEND = YES;
				GCC_C_LANGUAGE_STANDARD = gnu11;
				GCC_NO_COMMON_BLOCKS = YES;
				GCC_WARN_64_TO_32_BIT_CONVERSION = YES;
				GCC_WARN_ABOUT_RETURN_TYPE = YES_ERROR;
				GCC_WARN_UNDECLARED_SELECTOR = YES;
				GCC_WARN_UNINITIALIZED_AUTOS = YES_AGGRESSIVE;
				GCC_WARN_UNUSED_FUNCTION = YES;
				GCC_WARN_UNUSED_VARIABLE = YES;
				MACOSX_DEPLOYMENT_TARGET = 10.15;
				MTL_ENABLE_DEBUG_INFO = NO;
				MTL_FAST_MATH = YES;
				SDKROOT = iphoneos;
			};
			name = Release;
		};
		AB37EC5223F49B440000F92E /* Debug */ = {
			isa = XCBuildConfiguration;
			buildSettings = {
				CODE_SIGN_STYLE = Automatic;
				DEVELOPMENT_TEAM = DCQFJ2K8S3;
				EXECUTABLE_PREFIX = lib;
				IPHONEOS_DEPLOYMENT_TARGET = 12.1;
				ONLY_ACTIVE_ARCH = NO;
				"OTHER_CFLAGS[arch=*]" = "-fembed-bitcode";
				PRODUCT_NAME = "$(TARGET_NAME)";
				SDKROOT = iphoneos;
				SKIP_INSTALL = YES;
			};
			name = Debug;
		};
		AB37EC5323F49B440000F92E /* Release */ = {
			isa = XCBuildConfiguration;
			buildSettings = {
				CODE_SIGN_STYLE = Automatic;
				DEVELOPMENT_TEAM = DCQFJ2K8S3;
				EXECUTABLE_PREFIX = lib;
				IPHONEOS_DEPLOYMENT_TARGET = 12.1;
				"OTHER_CFLAGS[arch=*]" = "-fembed-bitcode";
				PRODUCT_NAME = "$(TARGET_NAME)";
				SDKROOT = iphoneos;
				SKIP_INSTALL = YES;
			};
			name = Release;
		};
/* End XCBuildConfiguration section */

/* Begin XCConfigurationList section */
		AB37EC4323F49B440000F92E /* Build configuration list for PBXProject "HHGCControllerIOS" */ = {
			isa = XCConfigurationList;
			buildConfigurations = (
				AB37EC4F23F49B440000F92E /* Debug */,
				AB37EC5023F49B440000F92E /* Release */,
			);
			defaultConfigurationIsVisible = 0;
			defaultConfigurationName = Release;
		};
		AB37EC5123F49B440000F92E /* Build configuration list for PBXNativeTarget "HHGCControllerIOS" */ = {
			isa = XCConfigurationList;
			buildConfigurations = (
				AB37EC5223F49B440000F92E /* Debug */,
				AB37EC5323F49B440000F92E /* Release */,
			);
			defaultConfigurationIsVisible = 0;
			defaultConfigurationName = Release;
		};
/* End XCConfigurationList section */
	};
	rootObject = AB37EC4023F49B440000F92E /* Project object */;
}
